
Microsoft Visual Studio Solution File, Format Version 12.00
# Visual Studio Version 17
VisualStudioVersion = 17.4.33205.214
MinimumVisualStudioVersion = 10.0.40219.1
Project("{8BC9CEB8-8B4A-11D0-8D11-00A0C91BC942}") = "CudaRuntime2", "CudaRuntime2\CudaRuntime2.vcxproj", "{4A191CB9-935F-4C11-AEBD-DB8957B8DF19}"
EndProject
Global
	GlobalSection(SolutionConfigurationPlatforms) = preSolution
		Debug|x64 = Debug|x64
		Release|x64 = Release|x64
	EndGlobalSection
	GlobalSection(ProjectConfigurationPlatforms) = postSolution
		{4A191CB9-935F-4C11-AEBD-DB8957B8DF19}.Debug|x64.ActiveCfg = Debug|x64
		{4A191CB9-935F-4C11-AEBD-DB8957B8DF19}.Debug|x64.Build.0 = Debug|x64
		{4A191CB9-935F-4C11-AEBD-DB8957B8DF19}.Release|x64.ActiveCfg = Release|x64
		{4A191CB9-935F-4C11-AEBD-DB8957B8DF19}.Release|x64.Build.0 = Release|x64
	EndGlobalSection
	GlobalSection(SolutionProperties) = preSolution
		HideSolutionNode = FALSE
	EndGlobalSection
	GlobalSection(ExtensibilityGlobals) = postSolution
		SolutionGuid = {FB3EF619-F28F-45E3-9749-37823B4488C4}
	EndGlobalSection
EndGlobal
